
Microsoft Visual Studio Solution File, Format Version 12.00
# Visual Studio Version 16
VisualStudioVersion = 16.0.32407.337
MinimumVisualStudioVersion = 10.0.40219.1
Project("{FAE04EC0-301F-11D3-BF4B-00C04F79EFBC}") = "CrystalReport", "CrystalReport\CrystalReport.csproj", "{7594978F-BA0F-4B3A-9653-FCFF1E5FD88A}"
EndProject
Global
	GlobalSection(SolutionConfigurationPlatforms) = preSolution
		Debug|Any CPU = Debug|Any CPU
		Release|Any CPU = Release|Any CPU
	EndGlobalSection
	GlobalSection(ProjectConfigurationPlatforms) = postSolution
		{7594978F-BA0F-4B3A-9653-FCFF1E5FD88A}.Debug|Any CPU.ActiveCfg = Debug|Any CPU
		{7594978F-BA0F-4B3A-9653-FCFF1E5FD88A}.Debug|Any CPU.Build.0 = Debug|Any CPU
		{7594978F-BA0F-4B3A-9653-FCFF1E5FD88A}.Release|Any CPU.ActiveCfg = Release|Any CPU
		{7594978F-BA0F-4B3A-9653-FCFF1E5FD88A}.Release|Any CPU.Build.0 = Release|Any CPU
	EndGlobalSection
	GlobalSection(SolutionProperties) = preSolution
		HideSolutionNode = FALSE
	EndGlobalSection
	GlobalSection(ExtensibilityGlobals) = postSolution
		SolutionGuid = {658A1392-C8F1-4007-9806-4667EFFA6864}
	EndGlobalSection
EndGlobal
